
Microsoft Visual Studio Solution File, Format Version 12.00
# Visual Studio Version 17
VisualStudioVersion = 17.5.33516.290
MinimumVisualStudioVersion = 10.0.40219.1
Project("{9A19103F-16F7-4668-BE54-9A1E7A4F7556}") = "VSLab", "VSLab.csproj", "{03DD679D-A695-461E-91F8-642CFDF6355E}"
EndProject
Project("{9A19103F-16F7-4668-BE54-9A1E7A4F7556}") = "Test", "..\Test\Test.csproj", "{1D0EB2A8-1E25-49DA-B4E3-8FF41EF5D470}"
EndProject
Global
	GlobalSection(SolutionConfigurationPlatforms) = preSolution
		Debug|Any CPU = Debug|Any CPU
		Release|Any CPU = Release|Any CPU
	EndGlobalSection
	GlobalSection(ProjectConfigurationPlatforms) = postSolution
		{03DD679D-A695-461E-91F8-642CFDF6355E}.Debug|Any CPU.ActiveCfg = Debug|Any CPU
		{03DD679D-A695-461E-91F8-642CFDF6355E}.Debug|Any CPU.Build.0 = Debug|Any CPU
		{03DD679D-A695-461E-91F8-642CFDF6355E}.Debug|Any CPU.Deploy.0 = Debug|Any CPU
		{03DD679D-A695-461E-91F8-642CFDF6355E}.Release|Any CPU.ActiveCfg = Release|Any CPU
		{03DD679D-A695-461E-91F8-642CFDF6355E}.Release|Any CPU.Build.0 = Release|Any CPU
		{1D0EB2A8-1E25-49DA-B4E3-8FF41EF5D470}.Debug|Any CPU.ActiveCfg = Debug|Any CPU
		{1D0EB2A8-1E25-49DA-B4E3-8FF41EF5D470}.Debug|Any CPU.Build.0 = Debug|Any CPU
		{1D0EB2A8-1E25-49DA-B4E3-8FF41EF5D470}.Release|Any CPU.ActiveCfg = Release|Any CPU
		{1D0EB2A8-1E25-49DA-B4E3-8FF41EF5D470}.Release|Any CPU.Build.0 = Release|Any CPU
	EndGlobalSection
	GlobalSection(SolutionProperties) = preSolution
		HideSolutionNode = FALSE
	EndGlobalSection
	GlobalSection(ExtensibilityGlobals) = postSolution
		SolutionGuid = {61D43BC1-CB02-4309-AFC2-1C997D631F36}
	EndGlobalSection
EndGlobal
